
Microsoft Visual Studio Solution File, Format Version 12.00
# Visual Studio Version 17
VisualStudioVersion = 17.0.31903.59
MinimumVisualStudioVersion = 10.0.40219.1
Project("{2150E333-8FDC-42A3-9474-1A3956D46DE8}") = "src", "src", "{BA5AD862-DDB8-42DE-812F-66AE1F9D1730}"
EndProject
Project("{FAE04EC0-301F-11D3-BF4B-00C04F79EFBC}") = "CodeAgent.Domain", "src\CodeAgent.Domain\CodeAgent.Domain.csproj", "{50BDE2CE-7D9F-4AA3-BA16-2F26A955D488}"
EndProject
Project("{FAE04EC0-301F-11D3-BF4B-00C04F79EFBC}") = "CodeAgent.Core", "src\CodeAgent.Core\CodeAgent.Core.csproj", "{FA8D0F02-CD46-4B90-8A44-E6FF0F7347DE}"
EndProject
Project("{FAE04EC0-301F-11D3-BF4B-00C04F79EFBC}") = "CodeAgent.Infrastructure", "src\CodeAgent.Infrastructure\CodeAgent.Infrastructure.csproj", "{9BA77793-D9E7-4184-BE9B-618E378C4B24}"
EndProject
Project("{2150E333-8FDC-42A3-9474-1A3956D46DE8}") = "CodeAgent.Providers", "CodeAgent.Providers", "{F50462A1-B2CE-41F1-A9FC-CB2CD730BDA5}"
EndProject
Project("{FAE04EC0-301F-11D3-BF4B-00C04F79EFBC}") = "CodeAgent.Providers.OpenAI", "src\CodeAgent.Providers\CodeAgent.Providers.OpenAI\CodeAgent.Providers.OpenAI.csproj", "{8A0DE820-EA40-4E11-AF2A-C51D09109909}"
EndProject
Project("{FAE04EC0-301F-11D3-BF4B-00C04F79EFBC}") = "CodeAgent.CLI", "src\CodeAgent.CLI\CodeAgent.CLI.csproj", "{4077C32C-DF20-419F-B9AB-809D921B4A95}"
EndProject
Project("{2150E333-8FDC-42A3-9474-1A3956D46DE8}") = "tests", "tests", "{75A66243-0701-4436-9C81-9B4F7B01FF5A}"
EndProject
Project("{FAE04EC0-301F-11D3-BF4B-00C04F79EFBC}") = "CodeAgent.Domain.Tests", "tests\CodeAgent.Domain.Tests\CodeAgent.Domain.Tests.csproj", "{7AA764D9-BB64-4E40-997E-50AA9583FD3F}"
EndProject
Project("{FAE04EC0-301F-11D3-BF4B-00C04F79EFBC}") = "CodeAgent.Core.Tests", "tests\CodeAgent.Core.Tests\CodeAgent.Core.Tests.csproj", "{ACCA3A68-9FB8-4AE9-8721-BC7EA3770F1A}"
EndProject
Project("{FAE04EC0-301F-11D3-BF4B-00C04F79EFBC}") = "CodeAgent.Infrastructure.Tests", "tests\CodeAgent.Infrastructure.Tests\CodeAgent.Infrastructure.Tests.csproj", "{8B7D6318-2D4C-4BB0-A9B0-53A0CAF03008}"
EndProject
Project("{FAE04EC0-301F-11D3-BF4B-00C04F79EFBC}") = "CodeAgent.Providers.OpenAI.Tests", "tests\CodeAgent.Providers.OpenAI.Tests\CodeAgent.Providers.OpenAI.Tests.csproj", "{2D054509-9394-44D7-B290-CA1A22068BCA}"
EndProject
Project("{FAE04EC0-301F-11D3-BF4B-00C04F79EFBC}") = "CodeAgent.CLI.Tests", "tests\CodeAgent.CLI.Tests\CodeAgent.CLI.Tests.csproj", "{186C21C6-FE74-4285-A83A-18F766C176C2}"
EndProject
Project("{2150E333-8FDC-42A3-9474-1A3956D46DE8}") = "docs", "docs", "{A3D8F6B1-8C12-4EA9-B9F5-0E1D2A3C4B5D}"
	ProjectSection(SolutionItems) = preProject
		CLAUDE.md = CLAUDE.md
		docs\coding-agent-requirements.md = docs\coding-agent-requirements.md
		docs\codeagent-architecture.md = docs\codeagent-architecture.md
	EndProjectSection
EndProject
Project("{FAE04EC0-301F-11D3-BF4B-00C04F79EFBC}") = "CodeAgent.Providers.Claude", "src\CodeAgent.Providers\CodeAgent.Providers.Claude\CodeAgent.Providers.Claude.csproj", "{A3ED20E1-7FDA-4099-92B3-917F63AF0A73}"
EndProject
Project("{FAE04EC0-301F-11D3-BF4B-00C04F79EFBC}") = "CodeAgent.Providers.Ollama", "src\CodeAgent.Providers\CodeAgent.Providers.Ollama\CodeAgent.Providers.Ollama.csproj", "{78EEB025-BEB7-4AFF-BFE0-971C6CAC7F36}"
EndProject
Project("{FAE04EC0-301F-11D3-BF4B-00C04F79EFBC}") = "CodeAgent.MCP", "src\CodeAgent.MCP\CodeAgent.MCP.csproj", "{37AF40F1-0623-4AE6-B187-7E9A9311DF37}"
EndProject
Project("{FAE04EC0-301F-11D3-BF4B-00C04F79EFBC}") = "CodeAgent.Providers.Claude.Tests", "tests\CodeAgent.Providers.Claude.Tests\CodeAgent.Providers.Claude.Tests.csproj", "{18246E74-D566-4DED-BB26-E8DD81D9982C}"
EndProject
Project("{FAE04EC0-301F-11D3-BF4B-00C04F79EFBC}") = "CodeAgent.Providers.Ollama.Tests", "tests\CodeAgent.Providers.Ollama.Tests\CodeAgent.Providers.Ollama.Tests.csproj", "{694E9094-6F9C-4879-BE4D-49D00AFBE3F1}"
EndProject
Project("{FAE04EC0-301F-11D3-BF4B-00C04F79EFBC}") = "CodeAgent.MCP.Tests", "tests\CodeAgent.MCP.Tests\CodeAgent.MCP.Tests.csproj", "{19B374D6-1571-40CF-906C-62BAB9460043}"
EndProject
Project("{FAE04EC0-301F-11D3-BF4B-00C04F79EFBC}") = "CodeAgent.Web", "src\CodeAgent.Web\CodeAgent.Web.csproj", "{918E385A-2777-4490-9884-0DDB041CB08D}"
EndProject
Global
	GlobalSection(SolutionConfigurationPlatforms) = preSolution
		Debug|Any CPU = Debug|Any CPU
		Release|Any CPU = Release|Any CPU
	EndGlobalSection
	GlobalSection(SolutionProperties) = preSolution
		HideSolutionNode = FALSE
	EndGlobalSection
	GlobalSection(ProjectConfigurationPlatforms) = postSolution
		{50BDE2CE-7D9F-4AA3-BA16-2F26A955D488}.Debug|Any CPU.ActiveCfg = Debug|Any CPU
		{50BDE2CE-7D9F-4AA3-BA16-2F26A955D488}.Debug|Any CPU.Build.0 = Debug|Any CPU
		{50BDE2CE-7D9F-4AA3-BA16-2F26A955D488}.Release|Any CPU.ActiveCfg = Release|Any CPU
		{50BDE2CE-7D9F-4AA3-BA16-2F26A955D488}.Release|Any CPU.Build.0 = Release|Any CPU
		{FA8D0F02-CD46-4B90-8A44-E6FF0F7347DE}.Debug|Any CPU.ActiveCfg = Debug|Any CPU
		{FA8D0F02-CD46-4B90-8A44-E6FF0F7347DE}.Debug|Any CPU.Build.0 = Debug|Any CPU
		{FA8D0F02-CD46-4B90-8A44-E6FF0F7347DE}.Release|Any CPU.ActiveCfg = Release|Any CPU
		{FA8D0F02-CD46-4B90-8A44-E6FF0F7347DE}.Release|Any CPU.Build.0 = Release|Any CPU
		{9BA77793-D9E7-4184-BE9B-618E378C4B24}.Debug|Any CPU.ActiveCfg = Debug|Any CPU
		{9BA77793-D9E7-4184-BE9B-618E378C4B24}.Debug|Any CPU.Build.0 = Debug|Any CPU
		{9BA77793-D9E7-4184-BE9B-618E378C4B24}.Release|Any CPU.ActiveCfg = Release|Any CPU
		{9BA77793-D9E7-4184-BE9B-618E378C4B24}.Release|Any CPU.Build.0 = Release|Any CPU
		{8A0DE820-EA40-4E11-AF2A-C51D09109909}.Debug|Any CPU.ActiveCfg = Debug|Any CPU
		{8A0DE820-EA40-4E11-AF2A-C51D09109909}.Debug|Any CPU.Build.0 = Debug|Any CPU
		{8A0DE820-EA40-4E11-AF2A-C51D09109909}.Release|Any CPU.ActiveCfg = Release|Any CPU
		{8A0DE820-EA40-4E11-AF2A-C51D09109909}.Release|Any CPU.Build.0 = Release|Any CPU
		{4077C32C-DF20-419F-B9AB-809D921B4A95}.Debug|Any CPU.ActiveCfg = Debug|Any CPU
		{4077C32C-DF20-419F-B9AB-809D921B4A95}.Debug|Any CPU.Build.0 = Debug|Any CPU
		{4077C32C-DF20-419F-B9AB-809D921B4A95}.Release|Any CPU.ActiveCfg = Release|Any CPU
		{4077C32C-DF20-419F-B9AB-809D921B4A95}.Release|Any CPU.Build.0 = Release|Any CPU
		{7AA764D9-BB64-4E40-997E-50AA9583FD3F}.Debug|Any CPU.ActiveCfg = Debug|Any CPU
		{7AA764D9-BB64-4E40-997E-50AA9583FD3F}.Debug|Any CPU.Build.0 = Debug|Any CPU
		{7AA764D9-BB64-4E40-997E-50AA9583FD3F}.Release|Any CPU.ActiveCfg = Release|Any CPU
		{7AA764D9-BB64-4E40-997E-50AA9583FD3F}.Release|Any CPU.Build.0 = Release|Any CPU
		{ACCA3A68-9FB8-4AE9-8721-BC7EA3770F1A}.Debug|Any CPU.ActiveCfg = Debug|Any CPU
		{ACCA3A68-9FB8-4AE9-8721-BC7EA3770F1A}.Debug|Any CPU.Build.0 = Debug|Any CPU
		{ACCA3A68-9FB8-4AE9-8721-BC7EA3770F1A}.Release|Any CPU.ActiveCfg = Release|Any CPU
		{ACCA3A68-9FB8-4AE9-8721-BC7EA3770F1A}.Release|Any CPU.Build.0 = Release|Any CPU
		{8B7D6318-2D4C-4BB0-A9B0-53A0CAF03008}.Debug|Any CPU.ActiveCfg = Debug|Any CPU
		{8B7D6318-2D4C-4BB0-A9B0-53A0CAF03008}.Debug|Any CPU.Build.0 = Debug|Any CPU
		{8B7D6318-2D4C-4BB0-A9B0-53A0CAF03008}.Release|Any CPU.ActiveCfg = Release|Any CPU
		{8B7D6318-2D4C-4BB0-A9B0-53A0CAF03008}.Release|Any CPU.Build.0 = Release|Any CPU
		{2D054509-9394-44D7-B290-CA1A22068BCA}.Debug|Any CPU.ActiveCfg = Debug|Any CPU
		{2D054509-9394-44D7-B290-CA1A22068BCA}.Debug|Any CPU.Build.0 = Debug|Any CPU
		{2D054509-9394-44D7-B290-CA1A22068BCA}.Release|Any CPU.ActiveCfg = Release|Any CPU
		{2D054509-9394-44D7-B290-CA1A22068BCA}.Release|Any CPU.Build.0 = Release|Any CPU
		{186C21C6-FE74-4285-A83A-18F766C176C2}.Debug|Any CPU.ActiveCfg = Debug|Any CPU
		{186C21C6-FE74-4285-A83A-18F766C176C2}.Debug|Any CPU.Build.0 = Debug|Any CPU
		{186C21C6-FE74-4285-A83A-18F766C176C2}.Release|Any CPU.ActiveCfg = Release|Any CPU
		{186C21C6-FE74-4285-A83A-18F766C176C2}.Release|Any CPU.Build.0 = Release|Any CPU
		{A3ED20E1-7FDA-4099-92B3-917F63AF0A73}.Debug|Any CPU.ActiveCfg = Debug|Any CPU
		{A3ED20E1-7FDA-4099-92B3-917F63AF0A73}.Debug|Any CPU.Build.0 = Debug|Any CPU
		{A3ED20E1-7FDA-4099-92B3-917F63AF0A73}.Release|Any CPU.ActiveCfg = Release|Any CPU
		{A3ED20E1-7FDA-4099-92B3-917F63AF0A73}.Release|Any CPU.Build.0 = Release|Any CPU
		{78EEB025-BEB7-4AFF-BFE0-971C6CAC7F36}.Debug|Any CPU.ActiveCfg = Debug|Any CPU
		{78EEB025-BEB7-4AFF-BFE0-971C6CAC7F36}.Debug|Any CPU.Build.0 = Debug|Any CPU
		{78EEB025-BEB7-4AFF-BFE0-971C6CAC7F36}.Release|Any CPU.ActiveCfg = Release|Any CPU
		{78EEB025-BEB7-4AFF-BFE0-971C6CAC7F36}.Release|Any CPU.Build.0 = Release|Any CPU
		{37AF40F1-0623-4AE6-B187-7E9A9311DF37}.Debug|Any CPU.ActiveCfg = Debug|Any CPU
		{37AF40F1-0623-4AE6-B187-7E9A9311DF37}.Debug|Any CPU.Build.0 = Debug|Any CPU
		{37AF40F1-0623-4AE6-B187-7E9A9311DF37}.Release|Any CPU.ActiveCfg = Release|Any CPU
		{37AF40F1-0623-4AE6-B187-7E9A9311DF37}.Release|Any CPU.Build.0 = Release|Any CPU
		{18246E74-D566-4DED-BB26-E8DD81D9982C}.Debug|Any CPU.ActiveCfg = Debug|Any CPU
		{18246E74-D566-4DED-BB26-E8DD81D9982C}.Debug|Any CPU.Build.0 = Debug|Any CPU
		{18246E74-D566-4DED-BB26-E8DD81D9982C}.Release|Any CPU.ActiveCfg = Release|Any CPU
		{18246E74-D566-4DED-BB26-E8DD81D9982C}.Release|Any CPU.Build.0 = Release|Any CPU
		{694E9094-6F9C-4879-BE4D-49D00AFBE3F1}.Debug|Any CPU.ActiveCfg = Debug|Any CPU
		{694E9094-6F9C-4879-BE4D-49D00AFBE3F1}.Debug|Any CPU.Build.0 = Debug|Any CPU
		{694E9094-6F9C-4879-BE4D-49D00AFBE3F1}.Release|Any CPU.ActiveCfg = Release|Any CPU
		{694E9094-6F9C-4879-BE4D-49D00AFBE3F1}.Release|Any CPU.Build.0 = Release|Any CPU
		{19B374D6-1571-40CF-906C-62BAB9460043}.Debug|Any CPU.ActiveCfg = Debug|Any CPU
		{19B374D6-1571-40CF-906C-62BAB9460043}.Debug|Any CPU.Build.0 = Debug|Any CPU
		{19B374D6-1571-40CF-906C-62BAB9460043}.Release|Any CPU.ActiveCfg = Release|Any CPU
		{19B374D6-1571-40CF-906C-62BAB9460043}.Release|Any CPU.Build.0 = Release|Any CPU
		{918E385A-2777-4490-9884-0DDB041CB08D}.Debug|Any CPU.ActiveCfg = Debug|Any CPU
		{918E385A-2777-4490-9884-0DDB041CB08D}.Debug|Any CPU.Build.0 = Debug|Any CPU
		{918E385A-2777-4490-9884-0DDB041CB08D}.Release|Any CPU.ActiveCfg = Release|Any CPU
		{918E385A-2777-4490-9884-0DDB041CB08D}.Release|Any CPU.Build.0 = Release|Any CPU
	EndGlobalSection
	GlobalSection(NestedProjects) = preSolution
		{50BDE2CE-7D9F-4AA3-BA16-2F26A955D488} = {BA5AD862-DDB8-42DE-812F-66AE1F9D1730}
		{FA8D0F02-CD46-4B90-8A44-E6FF0F7347DE} = {BA5AD862-DDB8-42DE-812F-66AE1F9D1730}
		{9BA77793-D9E7-4184-BE9B-618E378C4B24} = {BA5AD862-DDB8-42DE-812F-66AE1F9D1730}
		{F50462A1-B2CE-41F1-A9FC-CB2CD730BDA5} = {BA5AD862-DDB8-42DE-812F-66AE1F9D1730}
		{8A0DE820-EA40-4E11-AF2A-C51D09109909} = {F50462A1-B2CE-41F1-A9FC-CB2CD730BDA5}
		{4077C32C-DF20-419F-B9AB-809D921B4A95} = {BA5AD862-DDB8-42DE-812F-66AE1F9D1730}
		{7AA764D9-BB64-4E40-997E-50AA9583FD3F} = {75A66243-0701-4436-9C81-9B4F7B01FF5A}
		{ACCA3A68-9FB8-4AE9-8721-BC7EA3770F1A} = {75A66243-0701-4436-9C81-9B4F7B01FF5A}
		{8B7D6318-2D4C-4BB0-A9B0-53A0CAF03008} = {75A66243-0701-4436-9C81-9B4F7B01FF5A}
		{2D054509-9394-44D7-B290-CA1A22068BCA} = {75A66243-0701-4436-9C81-9B4F7B01FF5A}
		{186C21C6-FE74-4285-A83A-18F766C176C2} = {75A66243-0701-4436-9C81-9B4F7B01FF5A}
		{A3ED20E1-7FDA-4099-92B3-917F63AF0A73} = {F50462A1-B2CE-41F1-A9FC-CB2CD730BDA5}
		{78EEB025-BEB7-4AFF-BFE0-971C6CAC7F36} = {F50462A1-B2CE-41F1-A9FC-CB2CD730BDA5}
		{37AF40F1-0623-4AE6-B187-7E9A9311DF37} = {BA5AD862-DDB8-42DE-812F-66AE1F9D1730}
		{18246E74-D566-4DED-BB26-E8DD81D9982C} = {75A66243-0701-4436-9C81-9B4F7B01FF5A}
		{694E9094-6F9C-4879-BE4D-49D00AFBE3F1} = {75A66243-0701-4436-9C81-9B4F7B01FF5A}
		{19B374D6-1571-40CF-906C-62BAB9460043} = {75A66243-0701-4436-9C81-9B4F7B01FF5A}
		{918E385A-2777-4490-9884-0DDB041CB08D} = {BA5AD862-DDB8-42DE-812F-66AE1F9D1730}
	EndGlobalSection
EndGlobal
